
Microsoft Visual Studio Solution File, Format Version 12.00
# Visual Studio Version 16
VisualStudioVersion = 16.0.30804.86
MinimumVisualStudioVersion = 10.0.40219.1
Project("{FAE04EC0-301F-11D3-BF4B-00C04F79EFBC}") = "Mars-Rover", "Mars-Rover\Mars-Rover.csproj", "{B0EF95B4-BFC0-4DA6-9FB8-2F914AB04330}"
EndProject
Global
	GlobalSection(SolutionConfigurationPlatforms) = preSolution
		Debug|Any CPU = Debug|Any CPU
		Release|Any CPU = Release|Any CPU
	EndGlobalSection
	GlobalSection(ProjectConfigurationPlatforms) = postSolution
		{B0EF95B4-BFC0-4DA6-9FB8-2F914AB04330}.Debug|Any CPU.ActiveCfg = Debug|Any CPU
		{B0EF95B4-BFC0-4DA6-9FB8-2F914AB04330}.Debug|Any CPU.Build.0 = Debug|Any CPU
		{B0EF95B4-BFC0-4DA6-9FB8-2F914AB04330}.Release|Any CPU.ActiveCfg = Release|Any CPU
		{B0EF95B4-BFC0-4DA6-9FB8-2F914AB04330}.Release|Any CPU.Build.0 = Release|Any CPU
	EndGlobalSection
	GlobalSection(SolutionProperties) = preSolution
		HideSolutionNode = FALSE
	EndGlobalSection
	GlobalSection(ExtensibilityGlobals) = postSolution
		SolutionGuid = {BAA61EA4-02A6-4AF4-B00E-5051C2262AA7}
	EndGlobalSection
EndGlobal
